<?xml version="1.0" encoding="utf-8"?>
<Project ToolsVersion="4.0" xmlns="http://schemas.microsoft.com/developer/msbuild/2003">
  <ItemGroup>
    <Filter Include="Source Files">
      <UniqueIdentifier>{4FC737F1-C7A5-4376-A066-2A32D752A2FF}</UniqueIdentifier>
      <Extensions>cpp;c;cc;cxx;c++;cppm;ixx;def;odl;idl;hpj;bat;asm;asmx</Extensions>
    </Filter>
    <Filter Include="Header Files">
      <UniqueIdentifier>{93995380-89BD-4b04-88EB-625FBE52EBFB}</UniqueIdentifier>
      <Extensions>h;hh;hpp;hxx;h++;hm;inl;inc;ipp;xsd</Extensions>
    </Filter>
    <Filter Include="Resource Files">
      <UniqueIdentifier>{67DA6AB6-F800-4c08-8B7A-83BB121AAD01}</UniqueIdentifier>
      <Extensions>rc;ico;cur;bmp;dlg;rc2;rct;bin;rgs;gif;jpg;jpeg;jpe;resx;tiff;tif;png;wav;mfcribbon-ms</Extensions>
    </Filter>
    <Filter Include="framework">
      <UniqueIdentifier>{918e299c-82fc-44ed-a899-c4fbd0b97ca8}</UniqueIdentifier>
    </Filter>
  </ItemGroup>
  <ItemGroup>
    <ClInclude Include="..\..\..\framework\class_id.h">
      <Filter>framework</Filter>
    </ClInclude>
    <ClInclude Include="..\..\..\framework\i_component.h">
      <Filter>framework</Filter>
    </ClInclude>
    <ClInclude Include="..\..\..\framework\i_plugin_registry.h">
      <Filter>framework</Filter>
    </ClInclude>
    <ClInclude Include="..\..\..\framework\plugin_cast.h">
      <Filter>framework</Filter>
    </ClInclude>
    <ClInclude Include="..\..\..\framework\plugin_impl.h">
      <Filter>framework</Filter>
    </ClInclude>
    <ClInclude Include="..\..\..\src\z3y_plugin_manager\plugin_manager.h">
      <Filter>Header Files</Filter>
    </ClInclude>
    <ClInclude Include="..\..\..\framework\i_event_bus.h">
      <Filter>framework</Filter>
    </ClInclude>
    <ClInclude Include="..\..\..\framework\plugin_registration.h">
      <Filter>framework</Filter>
    </ClInclude>
    <ClInclude Include="..\..\..\framework\framework_events.h">
      <Filter>framework</Filter>
    </ClInclude>
    <ClInclude Include="..\..\..\framework\connection_type.h">
      <Filter>framework</Filter>
    </ClInclude>
    <ClInclude Include="..\..\..\framework\z3y_framework.h">
      <Filter>framework</Filter>
    </ClInclude>
    <ClInclude Include="..\..\..\framework\z3y_plugin_sdk.h">
      <Filter>framework</Filter>
    </ClInclude>
    <ClInclude Include="..\..\..\framework\i_plugin_query.h">
      <Filter>framework</Filter>
    </ClInclude>
    <ClInclude Include="..\..\..\framework\interface_helpers.h">
      <Filter>framework</Filter>
    </ClInclude>
    <ClInclude Include="..\..\..\framework\component_helpers.h">
      <Filter>framework</Filter>
    </ClInclude>
    <ClInclude Include="..\..\..\framework\event_helpers.h">
      <Filter>framework</Filter>
    </ClInclude>
    <ClInclude Include="..\..\..\framework\plugin_exceptions.h">
      <Filter>framework</Filter>
    </ClInclude>
  </ItemGroup>
  <ItemGroup>
    <None Include="..\..\..\..\src\z3y_plugin_manager\readme.txt">
      <Filter>Resource Files</Filter>
    </None>
  </ItemGroup>
  <ItemGroup>
    <ClCompile Include="..\..\..\src\z3y_plugin_manager\platform_win.cpp">
      <Filter>Source Files</Filter>
    </ClCompile>
    <ClCompile Include="..\..\..\src\z3y_plugin_manager\plugin_manager.cpp">
      <Filter>Source Files</Filter>
    </ClCompile>
    <ClCompile Include="..\..\..\src\z3y_plugin_manager\event_bus_impl.cpp">
      <Filter>Source Files</Filter>
    </ClCompile>
    <ClCompile Include="..\..\..\src\z3y_plugin_manager\platform_posix.cpp">
      <Filter>Source Files</Filter>
    </ClCompile>
  </ItemGroup>
</Project>